
Microsoft Visual Studio Solution File, Format Version 12.00
# Visual Studio 11
Project("{FAE04EC0-301F-11D3-BF4B-00C04F79EFBC}") = "ParallelProgramming", "ParallelProgramming\ParallelProgramming.csproj", "{0B17A7EA-203D-499F-B4E7-099D4B3651B2}"
EndProject
Global
	GlobalSection(SolutionConfigurationPlatforms) = preSolution
		Debug|Any CPU = Debug|Any CPU
		Release|Any CPU = Release|Any CPU
	EndGlobalSection
	GlobalSection(ProjectConfigurationPlatforms) = postSolution
		{0B17A7EA-203D-499F-B4E7-099D4B3651B2}.Debug|Any CPU.ActiveCfg = Debug|Any CPU
		{0B17A7EA-203D-499F-B4E7-099D4B3651B2}.Debug|Any CPU.Build.0 = Debug|Any CPU
		{0B17A7EA-203D-499F-B4E7-099D4B3651B2}.Release|Any CPU.ActiveCfg = Release|Any CPU
		{0B17A7EA-203D-499F-B4E7-099D4B3651B2}.Release|Any CPU.Build.0 = Release|Any CPU
	EndGlobalSection
	GlobalSection(SolutionProperties) = preSolution
		HideSolutionNode = FALSE
	EndGlobalSection
EndGlobal
